
Microsoft Visual Studio Solution File, Format Version 12.00
# Visual Studio Version 17
VisualStudioVersion = 17.6.33815.320
MinimumVisualStudioVersion = 10.0.40219.1
Project("{FAE04EC0-301F-11D3-BF4B-00C04F79EFBC}") = "RayLibTutorial", "RayLibTutorial\RayLibTutorial.csproj", "{17C475C5-5CAE-4C2C-A89F-E38A4D9366BE}"
EndProject
Global
	GlobalSection(SolutionConfigurationPlatforms) = preSolution
		Debug|Any CPU = Debug|Any CPU
		Release|Any CPU = Release|Any CPU
	EndGlobalSection
	GlobalSection(ProjectConfigurationPlatforms) = postSolution
		{17C475C5-5CAE-4C2C-A89F-E38A4D9366BE}.Debug|Any CPU.ActiveCfg = Debug|Any CPU
		{17C475C5-5CAE-4C2C-A89F-E38A4D9366BE}.Debug|Any CPU.Build.0 = Debug|Any CPU
		{17C475C5-5CAE-4C2C-A89F-E38A4D9366BE}.Release|Any CPU.ActiveCfg = Release|Any CPU
		{17C475C5-5CAE-4C2C-A89F-E38A4D9366BE}.Release|Any CPU.Build.0 = Release|Any CPU
	EndGlobalSection
	GlobalSection(SolutionProperties) = preSolution
		HideSolutionNode = FALSE
	EndGlobalSection
	GlobalSection(ExtensibilityGlobals) = postSolution
		SolutionGuid = {0103FE72-CB95-4CAA-B455-290D7353CD63}
	EndGlobalSection
EndGlobal
